
Microsoft Visual Studio Solution File, Format Version 12.00
# Visual Studio Version 17
VisualStudioVersion = 17.5.2.0
MinimumVisualStudioVersion = 10.0.40219.1
Project("{FAE04EC0-301F-11D3-BF4B-00C04F79EFBC}") = "Ilmari.AdtBootstrap", "Ilmari.AdtBootstrap\Ilmari.AdtBootstrap.csproj", "{1D6F4D45-E834-7619-B1A0-36BCF73AC8BF}"
EndProject
Project("{FAE04EC0-301F-11D3-BF4B-00C04F79EFBC}") = "Ilmari.Simulator", "Ilmari.Simulator\Ilmari.Simulator.csproj", "{A39141C0-A718-4355-B860-B5668AA204C1}"
EndProject
Project("{FAE04EC0-301F-11D3-BF4B-00C04F79EFBC}") = "Ilmari.Ingestor", "Ilmari.Ingestor\Ilmari.Ingestor.csproj", "{A95CD6AB-FF30-48BD-A39E-94E718BD2C6C}"
EndProject
Project("{2150E333-8FDC-42A3-9474-1A3956D46DE8}") = "Support", "Support", "{D270CA05-B059-4ED4-9509-CEED40A1713E}"
	ProjectSection(SolutionItems) = preProject
		README.md = README.md
		Deploy-Ilmari.ps1 = Deploy-Ilmari.ps1
		ilmari.bicep = ilmari.bicep
		Deploy-Simulator.ps1 = Deploy-Simulator.ps1
		VIBEME.md = VIBEME.md
	EndProjectSection
EndProject
Global
	GlobalSection(SolutionConfigurationPlatforms) = preSolution
		Debug|Any CPU = Debug|Any CPU
		Debug|x64 = Debug|x64
		Debug|x86 = Debug|x86
		Release|Any CPU = Release|Any CPU
		Release|x64 = Release|x64
		Release|x86 = Release|x86
	EndGlobalSection
	GlobalSection(ProjectConfigurationPlatforms) = postSolution
		{1D6F4D45-E834-7619-B1A0-36BCF73AC8BF}.Debug|Any CPU.ActiveCfg = Debug|Any CPU
		{1D6F4D45-E834-7619-B1A0-36BCF73AC8BF}.Debug|Any CPU.Build.0 = Debug|Any CPU
		{1D6F4D45-E834-7619-B1A0-36BCF73AC8BF}.Debug|x64.ActiveCfg = Debug|Any CPU
		{1D6F4D45-E834-7619-B1A0-36BCF73AC8BF}.Debug|x64.Build.0 = Debug|Any CPU
		{1D6F4D45-E834-7619-B1A0-36BCF73AC8BF}.Debug|x86.ActiveCfg = Debug|Any CPU
		{1D6F4D45-E834-7619-B1A0-36BCF73AC8BF}.Debug|x86.Build.0 = Debug|Any CPU
		{1D6F4D45-E834-7619-B1A0-36BCF73AC8BF}.Release|Any CPU.ActiveCfg = Release|Any CPU
		{1D6F4D45-E834-7619-B1A0-36BCF73AC8BF}.Release|Any CPU.Build.0 = Release|Any CPU
		{1D6F4D45-E834-7619-B1A0-36BCF73AC8BF}.Release|x64.ActiveCfg = Release|Any CPU
		{1D6F4D45-E834-7619-B1A0-36BCF73AC8BF}.Release|x64.Build.0 = Release|Any CPU
		{1D6F4D45-E834-7619-B1A0-36BCF73AC8BF}.Release|x86.ActiveCfg = Release|Any CPU
		{1D6F4D45-E834-7619-B1A0-36BCF73AC8BF}.Release|x86.Build.0 = Release|Any CPU
		{A39141C0-A718-4355-B860-B5668AA204C1}.Debug|Any CPU.ActiveCfg = Debug|Any CPU
		{A39141C0-A718-4355-B860-B5668AA204C1}.Debug|Any CPU.Build.0 = Debug|Any CPU
		{A39141C0-A718-4355-B860-B5668AA204C1}.Debug|x64.ActiveCfg = Debug|Any CPU
		{A39141C0-A718-4355-B860-B5668AA204C1}.Debug|x64.Build.0 = Debug|Any CPU
		{A39141C0-A718-4355-B860-B5668AA204C1}.Debug|x86.ActiveCfg = Debug|Any CPU
		{A39141C0-A718-4355-B860-B5668AA204C1}.Debug|x86.Build.0 = Debug|Any CPU
		{A39141C0-A718-4355-B860-B5668AA204C1}.Release|Any CPU.ActiveCfg = Release|Any CPU
		{A39141C0-A718-4355-B860-B5668AA204C1}.Release|Any CPU.Build.0 = Release|Any CPU
		{A39141C0-A718-4355-B860-B5668AA204C1}.Release|x64.ActiveCfg = Release|Any CPU
		{A39141C0-A718-4355-B860-B5668AA204C1}.Release|x64.Build.0 = Release|Any CPU
		{A39141C0-A718-4355-B860-B5668AA204C1}.Release|x86.ActiveCfg = Release|Any CPU
		{A39141C0-A718-4355-B860-B5668AA204C1}.Release|x86.Build.0 = Release|Any CPU
		{A95CD6AB-FF30-48BD-A39E-94E718BD2C6C}.Debug|Any CPU.ActiveCfg = Debug|Any CPU
		{A95CD6AB-FF30-48BD-A39E-94E718BD2C6C}.Debug|Any CPU.Build.0 = Debug|Any CPU
		{A95CD6AB-FF30-48BD-A39E-94E718BD2C6C}.Debug|x64.ActiveCfg = Debug|Any CPU
		{A95CD6AB-FF30-48BD-A39E-94E718BD2C6C}.Debug|x64.Build.0 = Debug|Any CPU
		{A95CD6AB-FF30-48BD-A39E-94E718BD2C6C}.Debug|x86.ActiveCfg = Debug|Any CPU
		{A95CD6AB-FF30-48BD-A39E-94E718BD2C6C}.Debug|x86.Build.0 = Debug|Any CPU
		{A95CD6AB-FF30-48BD-A39E-94E718BD2C6C}.Release|Any CPU.ActiveCfg = Release|Any CPU
		{A95CD6AB-FF30-48BD-A39E-94E718BD2C6C}.Release|Any CPU.Build.0 = Release|Any CPU
		{A95CD6AB-FF30-48BD-A39E-94E718BD2C6C}.Release|x64.ActiveCfg = Release|Any CPU
		{A95CD6AB-FF30-48BD-A39E-94E718BD2C6C}.Release|x64.Build.0 = Release|Any CPU
		{A95CD6AB-FF30-48BD-A39E-94E718BD2C6C}.Release|x86.ActiveCfg = Release|Any CPU
		{A95CD6AB-FF30-48BD-A39E-94E718BD2C6C}.Release|x86.Build.0 = Release|Any CPU
	EndGlobalSection
	GlobalSection(SolutionProperties) = preSolution
		HideSolutionNode = FALSE
	EndGlobalSection
	GlobalSection(ExtensibilityGlobals) = postSolution
		SolutionGuid = {1151DBB2-F41B-4072-9AAD-369D4F141C02}
	EndGlobalSection
EndGlobal
